github.com/yuin/goldmark v1.1.27 h1:nqDD4MMMQA0lmWq03Z2/myGPYLQoXtmi0rGVs95ntbo=
github.com/yuin/goldmark v1.1.27/go.mod h1:3hX8gzYuyVAZsxl0MRgGTJEmQBFcNTphYh9decYSb74=
github.com/yuin/goldmark v1.4.2 h1:5qVKCqCRBaGz8EepBTi7pbIw8gGCFnB1Mi6kXU4dYv8=
github.com/yuin/goldmark v1.4.2/go.mod h1:rmuwmfZ0+bvzB24eSC//bk1R1Zp3hM0OXYv/G2LIilg=
